
Microsoft Visual Studio Solution File, Format Version 12.00
# Visual Studio 15
VisualStudioVersion = 15.0.28307.645
MinimumVisualStudioVersion = 10.0.40219.1
Project("{9A19103F-16F7-4668-BE54-9A1E7A4F7556}") = "ASPCOREtest1", "ASPCOREtest1\ASPCOREtest1.csproj", "{40DEFA12-31BE-4272-B787-1A28F1105D3A}"
EndProject
Global
	GlobalSection(SolutionConfigurationPlatforms) = preSolution
		Debug|Any CPU = Debug|Any CPU
		Debug|x86 = Debug|x86
		Release|Any CPU = Release|Any CPU
		Release|x86 = Release|x86
	EndGlobalSection
	GlobalSection(ProjectConfigurationPlatforms) = postSolution
		{40DEFA12-31BE-4272-B787-1A28F1105D3A}.Debug|Any CPU.ActiveCfg = Debug|Any CPU
		{40DEFA12-31BE-4272-B787-1A28F1105D3A}.Debug|Any CPU.Build.0 = Debug|Any CPU
		{40DEFA12-31BE-4272-B787-1A28F1105D3A}.Debug|x86.ActiveCfg = Debug|x86
		{40DEFA12-31BE-4272-B787-1A28F1105D3A}.Debug|x86.Build.0 = Debug|x86
		{40DEFA12-31BE-4272-B787-1A28F1105D3A}.Release|Any CPU.ActiveCfg = Release|Any CPU
		{40DEFA12-31BE-4272-B787-1A28F1105D3A}.Release|Any CPU.Build.0 = Release|Any CPU
		{40DEFA12-31BE-4272-B787-1A28F1105D3A}.Release|x86.ActiveCfg = Release|x86
		{40DEFA12-31BE-4272-B787-1A28F1105D3A}.Release|x86.Build.0 = Release|x86
	EndGlobalSection
	GlobalSection(SolutionProperties) = preSolution
		HideSolutionNode = FALSE
	EndGlobalSection
	GlobalSection(ExtensibilityGlobals) = postSolution
		SolutionGuid = {B0EE0503-6CD8-413C-9A54-DE791D1E3B5A}
	EndGlobalSection
EndGlobal
